
Microsoft Visual Studio Solution File, Format Version 12.00
# Visual Studio Version 16
VisualStudioVersion = 16.0.29209.62
MinimumVisualStudioVersion = 10.0.40219.1
Project("{FAE04EC0-301F-11D3-BF4B-00C04F79EFBC}") = "Assignment1.Android", "Assignment1\Assignment1.Android\Assignment1.Android.csproj", "{11612CF3-1828-49DA-A308-EDE9F3892B85}"
EndProject
Project("{FAE04EC0-301F-11D3-BF4B-00C04F79EFBC}") = "Assignment1.iOS", "Assignment1\Assignment1.iOS\Assignment1.iOS.csproj", "{1C09290A-FFB8-49D8-9072-827DCFCA401B}"
EndProject
Project("{9A19103F-16F7-4668-BE54-9A1E7A4F7556}") = "Assignment1", "Assignment1\Assignment1\Assignment1.csproj", "{C418E5B5-6762-4E13-9778-62628DEA45A5}"
EndProject
Global
	GlobalSection(SolutionConfigurationPlatforms) = preSolution
		Debug|Any CPU = Debug|Any CPU
		Debug|iPhone = Debug|iPhone
		Debug|iPhoneSimulator = Debug|iPhoneSimulator
		Release|Any CPU = Release|Any CPU
		Release|iPhone = Release|iPhone
		Release|iPhoneSimulator = Release|iPhoneSimulator
	EndGlobalSection
	GlobalSection(ProjectConfigurationPlatforms) = postSolution
		{11612CF3-1828-49DA-A308-EDE9F3892B85}.Debug|Any CPU.ActiveCfg = Debug|Any CPU
		{11612CF3-1828-49DA-A308-EDE9F3892B85}.Debug|Any CPU.Build.0 = Debug|Any CPU
		{11612CF3-1828-49DA-A308-EDE9F3892B85}.Debug|Any CPU.Deploy.0 = Debug|Any CPU
		{11612CF3-1828-49DA-A308-EDE9F3892B85}.Debug|iPhone.ActiveCfg = Debug|Any CPU
		{11612CF3-1828-49DA-A308-EDE9F3892B85}.Debug|iPhone.Build.0 = Debug|Any CPU
		{11612CF3-1828-49DA-A308-EDE9F3892B85}.Debug|iPhone.Deploy.0 = Debug|Any CPU
		{11612CF3-1828-49DA-A308-EDE9F3892B85}.Debug|iPhoneSimulator.ActiveCfg = Debug|Any CPU
		{11612CF3-1828-49DA-A308-EDE9F3892B85}.Debug|iPhoneSimulator.Build.0 = Debug|Any CPU
		{11612CF3-1828-49DA-A308-EDE9F3892B85}.Debug|iPhoneSimulator.Deploy.0 = Debug|Any CPU
		{11612CF3-1828-49DA-A308-EDE9F3892B85}.Release|Any CPU.ActiveCfg = Release|Any CPU
		{11612CF3-1828-49DA-A308-EDE9F3892B85}.Release|Any CPU.Build.0 = Release|Any CPU
		{11612CF3-1828-49DA-A308-EDE9F3892B85}.Release|Any CPU.Deploy.0 = Release|Any CPU
		{11612CF3-1828-49DA-A308-EDE9F3892B85}.Release|iPhone.ActiveCfg = Release|Any CPU
		{11612CF3-1828-49DA-A308-EDE9F3892B85}.Release|iPhone.Build.0 = Release|Any CPU
		{11612CF3-1828-49DA-A308-EDE9F3892B85}.Release|iPhone.Deploy.0 = Release|Any CPU
		{11612CF3-1828-49DA-A308-EDE9F3892B85}.Release|iPhoneSimulator.ActiveCfg = Release|Any CPU
		{11612CF3-1828-49DA-A308-EDE9F3892B85}.Release|iPhoneSimulator.Build.0 = Release|Any CPU
		{11612CF3-1828-49DA-A308-EDE9F3892B85}.Release|iPhoneSimulator.Deploy.0 = Release|Any CPU
		{1C09290A-FFB8-49D8-9072-827DCFCA401B}.Debug|Any CPU.ActiveCfg = Debug|iPhoneSimulator
		{1C09290A-FFB8-49D8-9072-827DCFCA401B}.Debug|Any CPU.Build.0 = Debug|iPhoneSimulator
		{1C09290A-FFB8-49D8-9072-827DCFCA401B}.Debug|Any CPU.Deploy.0 = Debug|iPhoneSimulator
		{1C09290A-FFB8-49D8-9072-827DCFCA401B}.Debug|iPhone.ActiveCfg = Debug|iPhone
		{1C09290A-FFB8-49D8-9072-827DCFCA401B}.Debug|iPhone.Build.0 = Debug|iPhone
		{1C09290A-FFB8-49D8-9072-827DCFCA401B}.Debug|iPhone.Deploy.0 = Debug|iPhone
		{1C09290A-FFB8-49D8-9072-827DCFCA401B}.Debug|iPhoneSimulator.ActiveCfg = Debug|iPhoneSimulator
		{1C09290A-FFB8-49D8-9072-827DCFCA401B}.Debug|iPhoneSimulator.Build.0 = Debug|iPhoneSimulator
		{1C09290A-FFB8-49D8-9072-827DCFCA401B}.Debug|iPhoneSimulator.Deploy.0 = Debug|iPhoneSimulator
		{1C09290A-FFB8-49D8-9072-827DCFCA401B}.Release|Any CPU.ActiveCfg = Release|iPhone
		{1C09290A-FFB8-49D8-9072-827DCFCA401B}.Release|Any CPU.Build.0 = Release|iPhone
		{1C09290A-FFB8-49D8-9072-827DCFCA401B}.Release|Any CPU.Deploy.0 = Release|iPhone
		{1C09290A-FFB8-49D8-9072-827DCFCA401B}.Release|iPhone.ActiveCfg = Release|iPhone
		{1C09290A-FFB8-49D8-9072-827DCFCA401B}.Release|iPhone.Build.0 = Release|iPhone
		{1C09290A-FFB8-49D8-9072-827DCFCA401B}.Release|iPhone.Deploy.0 = Release|iPhone
		{1C09290A-FFB8-49D8-9072-827DCFCA401B}.Release|iPhoneSimulator.ActiveCfg = Release|iPhoneSimulator
		{1C09290A-FFB8-49D8-9072-827DCFCA401B}.Release|iPhoneSimulator.Build.0 = Release|iPhoneSimulator
		{1C09290A-FFB8-49D8-9072-827DCFCA401B}.Release|iPhoneSimulator.Deploy.0 = Release|iPhoneSimulator
		{C418E5B5-6762-4E13-9778-62628DEA45A5}.Debug|Any CPU.ActiveCfg = Debug|Any CPU
		{C418E5B5-6762-4E13-9778-62628DEA45A5}.Debug|Any CPU.Build.0 = Debug|Any CPU
		{C418E5B5-6762-4E13-9778-62628DEA45A5}.Debug|Any CPU.Deploy.0 = Debug|Any CPU
		{C418E5B5-6762-4E13-9778-62628DEA45A5}.Debug|iPhone.ActiveCfg = Debug|Any CPU
		{C418E5B5-6762-4E13-9778-62628DEA45A5}.Debug|iPhone.Build.0 = Debug|Any CPU
		{C418E5B5-6762-4E13-9778-62628DEA45A5}.Debug|iPhone.Deploy.0 = Debug|Any CPU
		{C418E5B5-6762-4E13-9778-62628DEA45A5}.Debug|iPhoneSimulator.ActiveCfg = Debug|Any CPU
		{C418E5B5-6762-4E13-9778-62628DEA45A5}.Debug|iPhoneSimulator.Build.0 = Debug|Any CPU
		{C418E5B5-6762-4E13-9778-62628DEA45A5}.Debug|iPhoneSimulator.Deploy.0 = Debug|Any CPU
		{C418E5B5-6762-4E13-9778-62628DEA45A5}.Release|Any CPU.ActiveCfg = Release|Any CPU
		{C418E5B5-6762-4E13-9778-62628DEA45A5}.Release|Any CPU.Build.0 = Release|Any CPU
		{C418E5B5-6762-4E13-9778-62628DEA45A5}.Release|Any CPU.Deploy.0 = Release|Any CPU
		{C418E5B5-6762-4E13-9778-62628DEA45A5}.Release|iPhone.ActiveCfg = Release|Any CPU
		{C418E5B5-6762-4E13-9778-62628DEA45A5}.Release|iPhone.Build.0 = Release|Any CPU
		{C418E5B5-6762-4E13-9778-62628DEA45A5}.Release|iPhone.Deploy.0 = Release|Any CPU
		{C418E5B5-6762-4E13-9778-62628DEA45A5}.Release|iPhoneSimulator.ActiveCfg = Release|Any CPU
		{C418E5B5-6762-4E13-9778-62628DEA45A5}.Release|iPhoneSimulator.Build.0 = Release|Any CPU
		{C418E5B5-6762-4E13-9778-62628DEA45A5}.Release|iPhoneSimulator.Deploy.0 = Release|Any CPU
	EndGlobalSection
	GlobalSection(SolutionProperties) = preSolution
		HideSolutionNode = FALSE
	EndGlobalSection
	GlobalSection(ExtensibilityGlobals) = postSolution
		SolutionGuid = {F97ACD34-0D88-4547-AF7C-B772512DA473}
	EndGlobalSection
EndGlobal
